
Microsoft Visual Studio Solution File, Format Version 12.00
# Visual Studio Version 17
VisualStudioVersion = 17.1.32228.430
MinimumVisualStudioVersion = 10.0.40219.1
Project("{FAE04EC0-301F-11D3-BF4B-00C04F79EFBC}") = "Parser", "Parser\Parser.csproj", "{2E7BAC26-ED4F-4B4B-8214-D5DE03BBF20A}"
EndProject
Global
	GlobalSection(SolutionConfigurationPlatforms) = preSolution
		Debug|Any CPU = Debug|Any CPU
		Release|Any CPU = Release|Any CPU
	EndGlobalSection
	GlobalSection(ProjectConfigurationPlatforms) = postSolution
		{2E7BAC26-ED4F-4B4B-8214-D5DE03BBF20A}.Debug|Any CPU.ActiveCfg = Debug|Any CPU
		{2E7BAC26-ED4F-4B4B-8214-D5DE03BBF20A}.Debug|Any CPU.Build.0 = Debug|Any CPU
		{2E7BAC26-ED4F-4B4B-8214-D5DE03BBF20A}.Release|Any CPU.ActiveCfg = Release|Any CPU
		{2E7BAC26-ED4F-4B4B-8214-D5DE03BBF20A}.Release|Any CPU.Build.0 = Release|Any CPU
	EndGlobalSection
	GlobalSection(SolutionProperties) = preSolution
		HideSolutionNode = FALSE
	EndGlobalSection
	GlobalSection(ExtensibilityGlobals) = postSolution
		SolutionGuid = {201B3C11-EBDD-42BB-83DC-9101EC0C8658}
	EndGlobalSection
EndGlobal
